// !$*UTF8*$!
{
	archiveVersion = 1;
	classes = {
	};
	objectVersion = 51;
	objects = {

/* Begin PBXBuildFile section */
		09A702F3265254B500B8BDE6 /* WidgetKit.framework in Frameworks */ = {isa = PBXBuildFile; fileRef = 09A702F2265254B500B8BDE6 /* WidgetKit.framework */; };
		09A702F5265254B500B8BDE6 /* SwiftUI.framework in Frameworks */ = {isa = PBXBuildFile; fileRef = 09A702F4265254B500B8BDE6 /* SwiftUI.framework */; };
		09A702F8265254B500B8BDE6 /* EcommerceiOSWidget.swift in Sources */ = {isa = PBXBuildFile; fileRef = 09A702F7265254B500B8BDE6 /* EcommerceiOSWidget.swift */; };
		09A702FB265254BD00B8BDE6 /* Assets.xcassets in Resources */ = {isa = PBXBuildFile; fileRef = 09A702FA265254BD00B8BDE6 /* Assets.xcassets */; };
		09A702FD265254BD00B8BDE6 /* EcommerceiOSWidget.intentdefinition in Sources */ = {isa = PBXBuildFile; fileRef = 09A702F9265254B500B8BDE6 /* EcommerceiOSWidget.intentdefinition */; };
		09A702FE265254BD00B8BDE6 /* EcommerceiOSWidget.intentdefinition in Sources */ = {isa = PBXBuildFile; fileRef = 09A702F9265254B500B8BDE6 /* EcommerceiOSWidget.intentdefinition */; };
		09A70301265254BD00B8BDE6 /* ecommerce-iosWidgetExtension.appex in Embed App Extensions */ = {isa = PBXBuildFile; fileRef = 09A702F1265254B500B8BDE6 /* ecommerce-iosWidgetExtension.appex */; settings = {ATTRIBUTES = (RemoveHeadersOnCopy, ); }; };
		6467343FA56259DB3EDB535D /* Pods_ecommerce_iosTests.framework in Frameworks */ = {isa = PBXBuildFile; fileRef = 3D984921251D777A83D13F4C /* Pods_ecommerce_iosTests.framework */; };
		68875C670E9C0BAA948075CD /* Pods_ecommerce_ios_ecommerce_iosUITests.framework in Frameworks */ = {isa = PBXBuildFile; fileRef = EBE0FAF7BF83FE643955750F /* Pods_ecommerce_ios_ecommerce_iosUITests.framework */; };
		90248438264D16D0008ECEE5 /* View+NavigationBar.swift in Sources */ = {isa = PBXBuildFile; fileRef = 90248437264D16D0008ECEE5 /* View+NavigationBar.swift */; };
		9024843A264D2320008ECEE5 /* View+TabbarItem.swift in Sources */ = {isa = PBXBuildFile; fileRef = 90248439264D2320008ECEE5 /* View+TabbarItem.swift */; };
		9024843D264D2527008ECEE5 /* Constants.swift in Sources */ = {isa = PBXBuildFile; fileRef = 9024843C264D2527008ECEE5 /* Constants.swift */; };
		909562A32643EC950028E442 /* R.generated.swift in Sources */ = {isa = PBXBuildFile; fileRef = 909562A22643EC950028E442 /* R.generated.swift */; };
		909562A82643ED040028E442 /* R.typealiases.swift in Sources */ = {isa = PBXBuildFile; fileRef = 909562A72643ED040028E442 /* R.typealiases.swift */; };
		909562B12643F3150028E442 /* View+Hidden.swift in Sources */ = {isa = PBXBuildFile; fileRef = 909562B02643F3150028E442 /* View+Hidden.swift */; };
		90D096222649211800717D05 /* LaunchScreen.storyboard in Resources */ = {isa = PBXBuildFile; fileRef = 90D096212649211800717D05 /* LaunchScreen.storyboard */; };
		90D09626264938DE00717D05 /* TabbarView.swift in Sources */ = {isa = PBXBuildFile; fileRef = 90D09625264938DE00717D05 /* TabbarView.swift */; };
		90D0962926493A5100717D05 /* HomeScreen.swift in Sources */ = {isa = PBXBuildFile; fileRef = 90D0962826493A5100717D05 /* HomeScreen.swift */; };
		90D0962E26493AA400717D05 /* SearchScreen.swift in Sources */ = {isa = PBXBuildFile; fileRef = 90D0962D26493AA400717D05 /* SearchScreen.swift */; };
		90D0963126493AC500717D05 /* MyCartScreen.swift in Sources */ = {isa = PBXBuildFile; fileRef = 90D0963026493AC500717D05 /* MyCartScreen.swift */; };
		90D0963426493AE100717D05 /* ProfileScreen.swift in Sources */ = {isa = PBXBuildFile; fileRef = 90D0963326493AE100717D05 /* ProfileScreen.swift */; };
		90D09636264A1DAC00717D05 /* Color+Application.swift in Sources */ = {isa = PBXBuildFile; fileRef = 90D09635264A1DAC00717D05 /* Color+Application.swift */; };
		90F6BD9A2642B13500419FE2 /* EcommerceApp.swift in Sources */ = {isa = PBXBuildFile; fileRef = 90F6BD992642B13500419FE2 /* EcommerceApp.swift */; };
		90F6BD9C2642B13500419FE2 /* ContentView.swift in Sources */ = {isa = PBXBuildFile; fileRef = 90F6BD9B2642B13500419FE2 /* ContentView.swift */; };
		90F6BD9E2642B13900419FE2 /* Assets.xcassets in Resources */ = {isa = PBXBuildFile; fileRef = 90F6BD9D2642B13900419FE2 /* Assets.xcassets */; };
		90F6BDA12642B13900419FE2 /* Preview Assets.xcassets in Resources */ = {isa = PBXBuildFile; fileRef = 90F6BDA02642B13900419FE2 /* Preview Assets.xcassets */; };
		90F6BDAC2642B13900419FE2 /* EcommerceTests.swift in Sources */ = {isa = PBXBuildFile; fileRef = 90F6BDAB2642B13900419FE2 /* EcommerceTests.swift */; };
		90F6BDB72642B13900419FE2 /* EcommerceUITests.swift in Sources */ = {isa = PBXBuildFile; fileRef = 90F6BDB62642B13900419FE2 /* EcommerceUITests.swift */; };
		BE660380B764D91DF2AACA03 /* Pods_ecommerce_ios.framework in Frameworks */ = {isa = PBXBuildFile; fileRef = 4D8676CF800C031A87683C6E /* Pods_ecommerce_ios.framework */; };
/* End PBXBuildFile section */

/* Begin PBXContainerItemProxy section */
		09A702FF265254BD00B8BDE6 /* PBXContainerItemProxy */ = {
			isa = PBXContainerItemProxy;
			containerPortal = 90F6BD8E2642B13500419FE2 /* Project object */;
			proxyType = 1;
			remoteGlobalIDString = 09A702F0265254B500B8BDE6;
			remoteInfo = "ecommerce-iosWidgetExtension";
		};
		90F6BDA82642B13900419FE2 /* PBXContainerItemProxy */ = {
			isa = PBXContainerItemProxy;
			containerPortal = 90F6BD8E2642B13500419FE2 /* Project object */;
			proxyType = 1;
			remoteGlobalIDString = 90F6BD952642B13500419FE2;
			remoteInfo = "ecommerce-ios";
		};
		90F6BDB32642B13900419FE2 /* PBXContainerItemProxy */ = {
			isa = PBXContainerItemProxy;
			containerPortal = 90F6BD8E2642B13500419FE2 /* Project object */;
			proxyType = 1;
			remoteGlobalIDString = 90F6BD952642B13500419FE2;
			remoteInfo = "ecommerce-ios";
		};
/* End PBXContainerItemProxy section */

/* Begin PBXCopyFilesBuildPhase section */
		09A70302265254BD00B8BDE6 /* Embed App Extensions */ = {
			isa = PBXCopyFilesBuildPhase;
			buildActionMask = 2147483647;
			dstPath = "";
			dstSubfolderSpec = 13;
			files = (
				09A70301265254BD00B8BDE6 /* ecommerce-iosWidgetExtension.appex in Embed App Extensions */,
			);
			name = "Embed App Extensions";
			runOnlyForDeploymentPostprocessing = 0;
		};
/* End PBXCopyFilesBuildPhase section */

/* Begin PBXFileReference section */
		0578CFAAA271B29A3AEF6C65 /* Pods-ecommerce-ios.debug.xcconfig */ = {isa = PBXFileReference; includeInIndex = 1; lastKnownFileType = text.xcconfig; name = "Pods-ecommerce-ios.debug.xcconfig"; path = "Target Support Files/Pods-ecommerce-ios/Pods-ecommerce-ios.debug.xcconfig"; sourceTree = "<group>"; };
		09A702F1265254B500B8BDE6 /* ecommerce-iosWidgetExtension.appex */ = {isa = PBXFileReference; explicitFileType = "wrapper.app-extension"; includeInIndex = 0; path = "ecommerce-iosWidgetExtension.appex"; sourceTree = BUILT_PRODUCTS_DIR; };
		09A702F2265254B500B8BDE6 /* WidgetKit.framework */ = {isa = PBXFileReference; lastKnownFileType = wrapper.framework; name = WidgetKit.framework; path = System/Library/Frameworks/WidgetKit.framework; sourceTree = SDKROOT; };
		09A702F4265254B500B8BDE6 /* SwiftUI.framework */ = {isa = PBXFileReference; lastKnownFileType = wrapper.framework; name = SwiftUI.framework; path = System/Library/Frameworks/SwiftUI.framework; sourceTree = SDKROOT; };
		09A702F7265254B500B8BDE6 /* EcommerceiOSWidget.swift */ = {isa = PBXFileReference; lastKnownFileType = sourcecode.swift; path = EcommerceiOSWidget.swift; sourceTree = "<group>"; };
		09A702F9265254B500B8BDE6 /* EcommerceiOSWidget.intentdefinition */ = {isa = PBXFileReference; lastKnownFileType = file.intentdefinition; path = EcommerceiOSWidget.intentdefinition; sourceTree = "<group>"; };
		09A702FA265254BD00B8BDE6 /* Assets.xcassets */ = {isa = PBXFileReference; lastKnownFileType = folder.assetcatalog; path = Assets.xcassets; sourceTree = "<group>"; };
		09A702FC265254BD00B8BDE6 /* Info.plist */ = {isa = PBXFileReference; lastKnownFileType = text.plist.xml; path = Info.plist; sourceTree = "<group>"; };
		281BE23A4441B9EDB3717DCA /* Pods-ecommerce-ios.release.xcconfig */ = {isa = PBXFileReference; includeInIndex = 1; lastKnownFileType = text.xcconfig; name = "Pods-ecommerce-ios.release.xcconfig"; path = "Target Support Files/Pods-ecommerce-ios/Pods-ecommerce-ios.release.xcconfig"; sourceTree = "<group>"; };
		3D984921251D777A83D13F4C /* Pods_ecommerce_iosTests.framework */ = {isa = PBXFileReference; explicitFileType = wrapper.framework; includeInIndex = 0; path = Pods_ecommerce_iosTests.framework; sourceTree = BUILT_PRODUCTS_DIR; };
		4D8676CF800C031A87683C6E /* Pods_ecommerce_ios.framework */ = {isa = PBXFileReference; explicitFileType = wrapper.framework; includeInIndex = 0; path = Pods_ecommerce_ios.framework; sourceTree = BUILT_PRODUCTS_DIR; };
		527EEA037DD196936C693420 /* Pods-ecommerce-ios-ecommerce-iosUITests.debug.xcconfig */ = {isa = PBXFileReference; includeInIndex = 1; lastKnownFileType = text.xcconfig; name = "Pods-ecommerce-ios-ecommerce-iosUITests.debug.xcconfig"; path = "Target Support Files/Pods-ecommerce-ios-ecommerce-iosUITests/Pods-ecommerce-ios-ecommerce-iosUITests.debug.xcconfig"; sourceTree = "<group>"; };
		5E6F06D5536065202D17B037 /* Pods-ecommerce-iosTests.debug.xcconfig */ = {isa = PBXFileReference; includeInIndex = 1; lastKnownFileType = text.xcconfig; name = "Pods-ecommerce-iosTests.debug.xcconfig"; path = "Target Support Files/Pods-ecommerce-iosTests/Pods-ecommerce-iosTests.debug.xcconfig"; sourceTree = "<group>"; };
		90248437264D16D0008ECEE5 /* View+NavigationBar.swift */ = {isa = PBXFileReference; lastKnownFileType = sourcecode.swift; path = "View+NavigationBar.swift"; sourceTree = "<group>"; };
		90248439264D2320008ECEE5 /* View+TabbarItem.swift */ = {isa = PBXFileReference; lastKnownFileType = sourcecode.swift; path = "View+TabbarItem.swift"; sourceTree = "<group>"; };
		9024843C264D2527008ECEE5 /* Constants.swift */ = {isa = PBXFileReference; lastKnownFileType = sourcecode.swift; path = Constants.swift; sourceTree = "<group>"; };
		909562A22643EC950028E442 /* R.generated.swift */ = {isa = PBXFileReference; fileEncoding = 4; lastKnownFileType = sourcecode.swift; path = R.generated.swift; sourceTree = "<group>"; };
		909562A72643ED040028E442 /* R.typealiases.swift */ = {isa = PBXFileReference; lastKnownFileType = sourcecode.swift; path = R.typealiases.swift; sourceTree = "<group>"; };
		909562B02643F3150028E442 /* View+Hidden.swift */ = {isa = PBXFileReference; lastKnownFileType = sourcecode.swift; path = "View+Hidden.swift"; sourceTree = "<group>"; };
		90D096212649211800717D05 /* LaunchScreen.storyboard */ = {isa = PBXFileReference; fileEncoding = 4; lastKnownFileType = file.storyboard; path = LaunchScreen.storyboard; sourceTree = "<group>"; };
		90D09625264938DE00717D05 /* TabbarView.swift */ = {isa = PBXFileReference; lastKnownFileType = sourcecode.swift; path = TabbarView.swift; sourceTree = "<group>"; };
		90D0962826493A5100717D05 /* HomeScreen.swift */ = {isa = PBXFileReference; lastKnownFileType = sourcecode.swift; path = HomeScreen.swift; sourceTree = "<group>"; };
		90D0962D26493AA400717D05 /* SearchScreen.swift */ = {isa = PBXFileReference; lastKnownFileType = sourcecode.swift; path = SearchScreen.swift; sourceTree = "<group>"; };
		90D0963026493AC500717D05 /* MyCartScreen.swift */ = {isa = PBXFileReference; lastKnownFileType = sourcecode.swift; path = MyCartScreen.swift; sourceTree = "<group>"; };
		90D0963326493AE100717D05 /* ProfileScreen.swift */ = {isa = PBXFileReference; lastKnownFileType = sourcecode.swift; path = ProfileScreen.swift; sourceTree = "<group>"; };
		90D09635264A1DAC00717D05 /* Color+Application.swift */ = {isa = PBXFileReference; lastKnownFileType = sourcecode.swift; path = "Color+Application.swift"; sourceTree = "<group>"; };
		90F6BD962642B13500419FE2 /* ecommerce-ios.app */ = {isa = PBXFileReference; explicitFileType = wrapper.application; includeInIndex = 0; path = "ecommerce-ios.app"; sourceTree = BUILT_PRODUCTS_DIR; };
		90F6BD992642B13500419FE2 /* EcommerceApp.swift */ = {isa = PBXFileReference; lastKnownFileType = sourcecode.swift; path = EcommerceApp.swift; sourceTree = "<group>"; };
		90F6BD9B2642B13500419FE2 /* ContentView.swift */ = {isa = PBXFileReference; lastKnownFileType = sourcecode.swift; path = ContentView.swift; sourceTree = "<group>"; };
		90F6BD9D2642B13900419FE2 /* Assets.xcassets */ = {isa = PBXFileReference; lastKnownFileType = folder.assetcatalog; path = Assets.xcassets; sourceTree = "<group>"; };
		90F6BDA02642B13900419FE2 /* Preview Assets.xcassets */ = {isa = PBXFileReference; lastKnownFileType = folder.assetcatalog; path = "Preview Assets.xcassets"; sourceTree = "<group>"; };
		90F6BDA22642B13900419FE2 /* Info.plist */ = {isa = PBXFileReference; lastKnownFileType = text.plist.xml; path = Info.plist; sourceTree = "<group>"; };
		90F6BDA72642B13900419FE2 /* ecommerce-iosTests.xctest */ = {isa = PBXFileReference; explicitFileType = wrapper.cfbundle; includeInIndex = 0; path = "ecommerce-iosTests.xctest"; sourceTree = BUILT_PRODUCTS_DIR; };
		90F6BDAB2642B13900419FE2 /* EcommerceTests.swift */ = {isa = PBXFileReference; lastKnownFileType = sourcecode.swift; path = EcommerceTests.swift; sourceTree = "<group>"; };
		90F6BDAD2642B13900419FE2 /* Info.plist */ = {isa = PBXFileReference; lastKnownFileType = text.plist.xml; path = Info.plist; sourceTree = "<group>"; };
		90F6BDB22642B13900419FE2 /* ecommerce-iosUITests.xctest */ = {isa = PBXFileReference; explicitFileType = wrapper.cfbundle; includeInIndex = 0; path = "ecommerce-iosUITests.xctest"; sourceTree = BUILT_PRODUCTS_DIR; };
		90F6BDB62642B13900419FE2 /* EcommerceUITests.swift */ = {isa = PBXFileReference; lastKnownFileType = sourcecode.swift; path = EcommerceUITests.swift; sourceTree = "<group>"; };
		90F6BDB82642B13900419FE2 /* Info.plist */ = {isa = PBXFileReference; lastKnownFileType = text.plist.xml; path = Info.plist; sourceTree = "<group>"; };
		C298D7318BFBB3E927D3A342 /* Pods-ecommerce-ios-ecommerce-iosUITests.release.xcconfig */ = {isa = PBXFileReference; includeInIndex = 1; lastKnownFileType = text.xcconfig; name = "Pods-ecommerce-ios-ecommerce-iosUITests.release.xcconfig"; path = "Target Support Files/Pods-ecommerce-ios-ecommerce-iosUITests/Pods-ecommerce-ios-ecommerce-iosUITests.release.xcconfig"; sourceTree = "<group>"; };
		D0C631FC9E2BCAE349FA70F4 /* Pods-ecommerce-iosTests.release.xcconfig */ = {isa = PBXFileReference; includeInIndex = 1; lastKnownFileType = text.xcconfig; name = "Pods-ecommerce-iosTests.release.xcconfig"; path = "Target Support Files/Pods-ecommerce-iosTests/Pods-ecommerce-iosTests.release.xcconfig"; sourceTree = "<group>"; };
		EBE0FAF7BF83FE643955750F /* Pods_ecommerce_ios_ecommerce_iosUITests.framework */ = {isa = PBXFileReference; explicitFileType = wrapper.framework; includeInIndex = 0; path = Pods_ecommerce_ios_ecommerce_iosUITests.framework; sourceTree = BUILT_PRODUCTS_DIR; };
/* End PBXFileReference section */

/* Begin PBXFrameworksBuildPhase section */
		09A702EE265254B500B8BDE6 /* Frameworks */ = {
			isa = PBXFrameworksBuildPhase;
			buildActionMask = 2147483647;
			files = (
				09A702F5265254B500B8BDE6 /* SwiftUI.framework in Frameworks */,
				09A702F3265254B500B8BDE6 /* WidgetKit.framework in Frameworks */,
			);
			runOnlyForDeploymentPostprocessing = 0;
		};
		90F6BD932642B13500419FE2 /* Frameworks */ = {
			isa = PBXFrameworksBuildPhase;
			buildActionMask = 2147483647;
			files = (
				BE660380B764D91DF2AACA03 /* Pods_ecommerce_ios.framework in Frameworks */,
			);
			runOnlyForDeploymentPostprocessing = 0;
		};
		90F6BDA42642B13900419FE2 /* Frameworks */ = {
			isa = PBXFrameworksBuildPhase;
			buildActionMask = 2147483647;
			files = (
				6467343FA56259DB3EDB535D /* Pods_ecommerce_iosTests.framework in Frameworks */,
			);
			runOnlyForDeploymentPostprocessing = 0;
		};
		90F6BDAF2642B13900419FE2 /* Frameworks */ = {
			isa = PBXFrameworksBuildPhase;
			buildActionMask = 2147483647;
			files = (
				68875C670E9C0BAA948075CD /* Pods_ecommerce_ios_ecommerce_iosUITests.framework in Frameworks */,
			);
			runOnlyForDeploymentPostprocessing = 0;
		};
/* End PBXFrameworksBuildPhase section */

/* Begin PBXGroup section */
		09A702F6265254B500B8BDE6 /* ecommerce-iosWidget */ = {
			isa = PBXGroup;
			children = (
				09A702F7265254B500B8BDE6 /* EcommerceiOSWidget.swift */,
				09A702F9265254B500B8BDE6 /* EcommerceiOSWidget.intentdefinition */,
				09A702FA265254BD00B8BDE6 /* Assets.xcassets */,
				09A702FC265254BD00B8BDE6 /* Info.plist */,
			);
			path = "ecommerce-iosWidget";
			sourceTree = "<group>";
		};
		4220241DC8323604A6DA927B /* Frameworks */ = {
			isa = PBXGroup;
			children = (
				4D8676CF800C031A87683C6E /* Pods_ecommerce_ios.framework */,
				EBE0FAF7BF83FE643955750F /* Pods_ecommerce_ios_ecommerce_iosUITests.framework */,
				3D984921251D777A83D13F4C /* Pods_ecommerce_iosTests.framework */,
				09A702F2265254B500B8BDE6 /* WidgetKit.framework */,
				09A702F4265254B500B8BDE6 /* SwiftUI.framework */,
			);
			name = Frameworks;
			sourceTree = "<group>";
		};
		6CFFA066C51BDD3445408444 /* Pods */ = {
			isa = PBXGroup;
			children = (
				0578CFAAA271B29A3AEF6C65 /* Pods-ecommerce-ios.debug.xcconfig */,
				281BE23A4441B9EDB3717DCA /* Pods-ecommerce-ios.release.xcconfig */,
				527EEA037DD196936C693420 /* Pods-ecommerce-ios-ecommerce-iosUITests.debug.xcconfig */,
				C298D7318BFBB3E927D3A342 /* Pods-ecommerce-ios-ecommerce-iosUITests.release.xcconfig */,
				5E6F06D5536065202D17B037 /* Pods-ecommerce-iosTests.debug.xcconfig */,
				D0C631FC9E2BCAE349FA70F4 /* Pods-ecommerce-iosTests.release.xcconfig */,
			);
			path = Pods;
			sourceTree = "<group>";
		};
		9024843B264D2515008ECEE5 /* Constants */ = {
			isa = PBXGroup;
			children = (
				9024843C264D2527008ECEE5 /* Constants.swift */,
			);
			path = Constants;
			sourceTree = "<group>";
		};
		909562882643EB0C0028E442 /* R.swift */ = {
			isa = PBXGroup;
			children = (
				909562A22643EC950028E442 /* R.generated.swift */,
				909562A72643ED040028E442 /* R.typealiases.swift */,
			);
			path = R.swift;
			sourceTree = "<group>";
		};
		909562AF2643F2FC0028E442 /* Extensions */ = {
			isa = PBXGroup;
			children = (
				909562B02643F3150028E442 /* View+Hidden.swift */,
				90D09635264A1DAC00717D05 /* Color+Application.swift */,
				90248439264D2320008ECEE5 /* View+TabbarItem.swift */,
				90248437264D16D0008ECEE5 /* View+NavigationBar.swift */,
			);
			path = Extensions;
			sourceTree = "<group>";
		};
		90D096232649316B00717D05 /* Views */ = {
			isa = PBXGroup;
			children = (
			);
			path = Views;
			sourceTree = "<group>";
		};
		90D09624264938CA00717D05 /* Tabbar */ = {
			isa = PBXGroup;
			children = (
				90D09625264938DE00717D05 /* TabbarView.swift */,
			);
			path = Tabbar;
			sourceTree = "<group>";
		};
		90D09627264939D900717D05 /* Home */ = {
			isa = PBXGroup;
			children = (
				90D0962826493A5100717D05 /* HomeScreen.swift */,
			);
			path = Home;
			sourceTree = "<group>";
		};
		90D0962A26493A8900717D05 /* Search */ = {
			isa = PBXGroup;
			children = (
				90D0962D26493AA400717D05 /* SearchScreen.swift */,
			);
			path = Search;
			sourceTree = "<group>";
		};
		90D0962F26493AB200717D05 /* MyCart */ = {
			isa = PBXGroup;
			children = (
				90D0963026493AC500717D05 /* MyCartScreen.swift */,
			);
			path = MyCart;
			sourceTree = "<group>";
		};
		90D0963226493AD500717D05 /* Profile */ = {
			isa = PBXGroup;
			children = (
				90D0963326493AE100717D05 /* ProfileScreen.swift */,
			);
			path = Profile;
			sourceTree = "<group>";
		};
		90D9071E2643DD7300D37F16 /* Application */ = {
			isa = PBXGroup;
			children = (
				90F6BDA22642B13900419FE2 /* Info.plist */,
				90D096212649211800717D05 /* LaunchScreen.storyboard */,
				9024843B264D2515008ECEE5 /* Constants */,
				90D9071F2643DD8000D37F16 /* Resources */,
			);
			path = Application;
			sourceTree = "<group>";
		};
		90D9071F2643DD8000D37F16 /* Resources */ = {
			isa = PBXGroup;
			children = (
				90F6BD9D2642B13900419FE2 /* Assets.xcassets */,
				909562882643EB0C0028E442 /* R.swift */,
			);
			path = Resources;
			sourceTree = "<group>";
		};
		90D907202643DD9400D37F16 /* Sources */ = {
			isa = PBXGroup;
			children = (
				90D09627264939D900717D05 /* Home */,
				90D907302643DE4800D37F16 /* Main */,
				90D0962F26493AB200717D05 /* MyCart */,
				90D0963226493AD500717D05 /* Profile */,
				90D0962A26493A8900717D05 /* Search */,
				90D09624264938CA00717D05 /* Tabbar */,
			);
			path = Sources;
			sourceTree = "<group>";
		};
		90D907302643DE4800D37F16 /* Main */ = {
			isa = PBXGroup;
			children = (
				90F6BD9B2642B13500419FE2 /* ContentView.swift */,
				90F6BD992642B13500419FE2 /* EcommerceApp.swift */,
			);
			path = Main;
			sourceTree = "<group>";
		};
		90F6BD8D2642B13500419FE2 = {
			isa = PBXGroup;
			children = (
				90F6BD982642B13500419FE2 /* ecommerce-ios */,
				90F6BDAA2642B13900419FE2 /* ecommerce-iosTests */,
				90F6BDB52642B13900419FE2 /* ecommerce-iosUITests */,
				09A702F6265254B500B8BDE6 /* ecommerce-iosWidget */,
				90F6BD972642B13500419FE2 /* Products */,
				6CFFA066C51BDD3445408444 /* Pods */,
				4220241DC8323604A6DA927B /* Frameworks */,
			);
			sourceTree = "<group>";
		};
		90F6BD972642B13500419FE2 /* Products */ = {
			isa = PBXGroup;
			children = (
				90F6BD962642B13500419FE2 /* ecommerce-ios.app */,
				90F6BDA72642B13900419FE2 /* ecommerce-iosTests.xctest */,
				90F6BDB22642B13900419FE2 /* ecommerce-iosUITests.xctest */,
				09A702F1265254B500B8BDE6 /* ecommerce-iosWidgetExtension.appex */,
			);
			name = Products;
			sourceTree = "<group>";
		};
		90F6BD982642B13500419FE2 /* ecommerce-ios */ = {
			isa = PBXGroup;
			children = (
				90D9071E2643DD7300D37F16 /* Application */,
				909562AF2643F2FC0028E442 /* Extensions */,
				90D907202643DD9400D37F16 /* Sources */,
				90F6BD9F2642B13900419FE2 /* Preview Content */,
				90D096232649316B00717D05 /* Views */,
			);
			path = "ecommerce-ios";
			sourceTree = "<group>";
		};
		90F6BD9F2642B13900419FE2 /* Preview Content */ = {
			isa = PBXGroup;
			children = (
				90F6BDA02642B13900419FE2 /* Preview Assets.xcassets */,
			);
			path = "Preview Content";
			sourceTree = "<group>";
		};
		90F6BDAA2642B13900419FE2 /* ecommerce-iosTests */ = {
			isa = PBXGroup;
			children = (
				90F6BDAB2642B13900419FE2 /* EcommerceTests.swift */,
				90F6BDAD2642B13900419FE2 /* Info.plist */,
			);
			path = "ecommerce-iosTests";
			sourceTree = "<group>";
		};
		90F6BDB52642B13900419FE2 /* ecommerce-iosUITests */ = {
			isa = PBXGroup;
			children = (
				90F6BDB62642B13900419FE2 /* EcommerceUITests.swift */,
				90F6BDB82642B13900419FE2 /* Info.plist */,
			);
			path = "ecommerce-iosUITests";
			sourceTree = "<group>";
		};
/* End PBXGroup section */

/* Begin PBXNativeTarget section */
		09A702F0265254B500B8BDE6 /* ecommerce-iosWidgetExtension */ = {
			isa = PBXNativeTarget;
			buildConfigurationList = 09A70305265254BD00B8BDE6 /* Build configuration list for PBXNativeTarget "ecommerce-iosWidgetExtension" */;
			buildPhases = (
				09A702ED265254B500B8BDE6 /* Sources */,
				09A702EE265254B500B8BDE6 /* Frameworks */,
				09A702EF265254B500B8BDE6 /* Resources */,
			);
			buildRules = (
			);
			dependencies = (
			);
			name = "ecommerce-iosWidgetExtension";
			productName = "ecommerce-iosWidgetExtension";
			productReference = 09A702F1265254B500B8BDE6 /* ecommerce-iosWidgetExtension.appex */;
			productType = "com.apple.product-type.app-extension";
		};
		90F6BD952642B13500419FE2 /* ecommerce-ios */ = {
			isa = PBXNativeTarget;
			buildConfigurationList = 90F6BDBB2642B13900419FE2 /* Build configuration list for PBXNativeTarget "ecommerce-ios" */;
			buildPhases = (
				02373F85F7AFD06384B50F37 /* [CP] Check Pods Manifest.lock */,
				909562352643E55C0028E442 /* R.Swift */,
				90F6BD922642B13500419FE2 /* Sources */,
				90F6BD932642B13500419FE2 /* Frameworks */,
				90F6BD942642B13500419FE2 /* Resources */,
				90F6BDD12643A3A400419FE2 /* Swiftlint script */,
				0E5AA44680947642B11BB382 /* [CP] Embed Pods Frameworks */,
				09A70302265254BD00B8BDE6 /* Embed App Extensions */,
			);
			buildRules = (
			);
			dependencies = (
				09A70300265254BD00B8BDE6 /* PBXTargetDependency */,
			);
			name = "ecommerce-ios";
			productName = "ecommerce-ios";
			productReference = 90F6BD962642B13500419FE2 /* ecommerce-ios.app */;
			productType = "com.apple.product-type.application";
		};
		90F6BDA62642B13900419FE2 /* ecommerce-iosTests */ = {
			isa = PBXNativeTarget;
			buildConfigurationList = 90F6BDBE2642B13900419FE2 /* Build configuration list for PBXNativeTarget "ecommerce-iosTests" */;
			buildPhases = (
				6B2F8A767E6B2C6B14DE4360 /* [CP] Check Pods Manifest.lock */,
				90F6BDA32642B13900419FE2 /* Sources */,
				90F6BDA42642B13900419FE2 /* Frameworks */,
				90F6BDA52642B13900419FE2 /* Resources */,
			);
			buildRules = (
			);
			dependencies = (
				90F6BDA92642B13900419FE2 /* PBXTargetDependency */,
			);
			name = "ecommerce-iosTests";
			productName = "ecommerce-iosTests";
			productReference = 90F6BDA72642B13900419FE2 /* ecommerce-iosTests.xctest */;
			productType = "com.apple.product-type.bundle.unit-test";
		};
		90F6BDB12642B13900419FE2 /* ecommerce-iosUITests */ = {
			isa = PBXNativeTarget;
			buildConfigurationList = 90F6BDC12642B13900419FE2 /* Build configuration list for PBXNativeTarget "ecommerce-iosUITests" */;
			buildPhases = (
				15EC48D1EDEBBBE29F31DC3F /* [CP] Check Pods Manifest.lock */,
				90F6BDAE2642B13900419FE2 /* Sources */,
				90F6BDAF2642B13900419FE2 /* Frameworks */,
				90F6BDB02642B13900419FE2 /* Resources */,
				12B4718912A5FAAFD60E59D1 /* [CP] Embed Pods Frameworks */,
			);
			buildRules = (
			);
			dependencies = (
				90F6BDB42642B13900419FE2 /* PBXTargetDependency */,
			);
			name = "ecommerce-iosUITests";
			productName = "ecommerce-iosUITests";
			productReference = 90F6BDB22642B13900419FE2 /* ecommerce-iosUITests.xctest */;
			productType = "com.apple.product-type.bundle.ui-testing";
		};
/* End PBXNativeTarget section */

/* Begin PBXProject section */
		90F6BD8E2642B13500419FE2 /* Project object */ = {
			isa = PBXProject;
			attributes = {
				LastSwiftUpdateCheck = 1250;
				LastUpgradeCheck = 1240;
				TargetAttributes = {
					09A702F0265254B500B8BDE6 = {
						CreatedOnToolsVersion = 12.5;
					};
					90F6BD952642B13500419FE2 = {
						CreatedOnToolsVersion = 12.4;
					};
					90F6BDA62642B13900419FE2 = {
						CreatedOnToolsVersion = 12.4;
						TestTargetID = 90F6BD952642B13500419FE2;
					};
					90F6BDB12642B13900419FE2 = {
						CreatedOnToolsVersion = 12.4;
						TestTargetID = 90F6BD952642B13500419FE2;
					};
				};
			};
			buildConfigurationList = 90F6BD912642B13500419FE2 /* Build configuration list for PBXProject "ecommerce-ios" */;
			compatibilityVersion = "Xcode 9.3";
			developmentRegion = en;
			hasScannedForEncodings = 0;
			knownRegions = (
				en,
				Base,
			);
			mainGroup = 90F6BD8D2642B13500419FE2;
			productRefGroup = 90F6BD972642B13500419FE2 /* Products */;
			projectDirPath = "";
			projectRoot = "";
			targets = (
				90F6BD952642B13500419FE2 /* ecommerce-ios */,
				90F6BDA62642B13900419FE2 /* ecommerce-iosTests */,
				90F6BDB12642B13900419FE2 /* ecommerce-iosUITests */,
				09A702F0265254B500B8BDE6 /* ecommerce-iosWidgetExtension */,
			);
		};
/* End PBXProject section */

/* Begin PBXResourcesBuildPhase section */
		09A702EF265254B500B8BDE6 /* Resources */ = {
			isa = PBXResourcesBuildPhase;
			buildActionMask = 2147483647;
			files = (
				09A702FB265254BD00B8BDE6 /* Assets.xcassets in Resources */,
			);
			runOnlyForDeploymentPostprocessing = 0;
		};
		90F6BD942642B13500419FE2 /* Resources */ = {
			isa = PBXResourcesBuildPhase;
			buildActionMask = 2147483647;
			files = (
				90D096222649211800717D05 /* LaunchScreen.storyboard in Resources */,
				90F6BDA12642B13900419FE2 /* Preview Assets.xcassets in Resources */,
				90F6BD9E2642B13900419FE2 /* Assets.xcassets in Resources */,
			);
			runOnlyForDeploymentPostprocessing = 0;
		};
		90F6BDA52642B13900419FE2 /* Resources */ = {
			isa = PBXResourcesBuildPhase;
			buildActionMask = 2147483647;
			files = (
			);
			runOnlyForDeploymentPostprocessing = 0;
		};
		90F6BDB02642B13900419FE2 /* Resources */ = {
			isa = PBXResourcesBuildPhase;
			buildActionMask = 2147483647;
			files = (
			);
			runOnlyForDeploymentPostprocessing = 0;
		};
/* End PBXResourcesBuildPhase section */

/* Begin PBXShellScriptBuildPhase section */
		02373F85F7AFD06384B50F37 /* [CP] Check Pods Manifest.lock */ = {
			isa = PBXShellScriptBuildPhase;
			buildActionMask = 2147483647;
			files = (
			);
			inputFileListPaths = (
			);
			inputPaths = (
				"${PODS_PODFILE_DIR_PATH}/Podfile.lock",
				"${PODS_ROOT}/Manifest.lock",
			);
			name = "[CP] Check Pods Manifest.lock";
			outputFileListPaths = (
			);
			outputPaths = (
				"$(DERIVED_FILE_DIR)/Pods-ecommerce-ios-checkManifestLockResult.txt",
			);
			runOnlyForDeploymentPostprocessing = 0;
			shellPath = /bin/sh;
			shellScript = "diff \"${PODS_PODFILE_DIR_PATH}/Podfile.lock\" \"${PODS_ROOT}/Manifest.lock\" > /dev/null\nif [ $? != 0 ] ; then\n    # print error to STDERR\n    echo \"error: The sandbox is not in sync with the Podfile.lock. Run 'pod install' or update your CocoaPods installation.\" >&2\n    exit 1\nfi\n# This output is used by Xcode 'outputs' to avoid re-running this script phase.\necho \"SUCCESS\" > \"${SCRIPT_OUTPUT_FILE_0}\"\n";
			showEnvVarsInLog = 0;
		};
		0E5AA44680947642B11BB382 /* [CP] Embed Pods Frameworks */ = {
			isa = PBXShellScriptBuildPhase;
			buildActionMask = 2147483647;
			files = (
			);
			inputFileListPaths = (
				"${PODS_ROOT}/Target Support Files/Pods-ecommerce-ios/Pods-ecommerce-ios-frameworks-${CONFIGURATION}-input-files.xcfilelist",
			);
			name = "[CP] Embed Pods Frameworks";
			outputFileListPaths = (
				"${PODS_ROOT}/Target Support Files/Pods-ecommerce-ios/Pods-ecommerce-ios-frameworks-${CONFIGURATION}-output-files.xcfilelist",
			);
			runOnlyForDeploymentPostprocessing = 0;
			shellPath = /bin/sh;
			shellScript = "\"${PODS_ROOT}/Target Support Files/Pods-ecommerce-ios/Pods-ecommerce-ios-frameworks.sh\"\n";
			showEnvVarsInLog = 0;
		};
		12B4718912A5FAAFD60E59D1 /* [CP] Embed Pods Frameworks */ = {
			isa = PBXShellScriptBuildPhase;
			buildActionMask = 2147483647;
			files = (
			);
			inputFileListPaths = (
				"${PODS_ROOT}/Target Support Files/Pods-ecommerce-ios-ecommerce-iosUITests/Pods-ecommerce-ios-ecommerce-iosUITests-frameworks-${CONFIGURATION}-input-files.xcfilelist",
			);
			name = "[CP] Embed Pods Frameworks";
			outputFileListPaths = (
				"${PODS_ROOT}/Target Support Files/Pods-ecommerce-ios-ecommerce-iosUITests/Pods-ecommerce-ios-ecommerce-iosUITests-frameworks-${CONFIGURATION}-output-files.xcfilelist",
			);
			runOnlyForDeploymentPostprocessing = 0;
			shellPath = /bin/sh;
			shellScript = "\"${PODS_ROOT}/Target Support Files/Pods-ecommerce-ios-ecommerce-iosUITests/Pods-ecommerce-ios-ecommerce-iosUITests-frameworks.sh\"\n";
			showEnvVarsInLog = 0;
		};
		15EC48D1EDEBBBE29F31DC3F /* [CP] Check Pods Manifest.lock */ = {
			isa = PBXShellScriptBuildPhase;
			buildActionMask = 2147483647;
			files = (
			);
			inputFileListPaths = (
			);
			inputPaths = (
				"${PODS_PODFILE_DIR_PATH}/Podfile.lock",
				"${PODS_ROOT}/Manifest.lock",
			);
			name = "[CP] Check Pods Manifest.lock";
			outputFileListPaths = (
			);
			outputPaths = (
				"$(DERIVED_FILE_DIR)/Pods-ecommerce-ios-ecommerce-iosUITests-checkManifestLockResult.txt",
			);
			runOnlyForDeploymentPostprocessing = 0;
			shellPath = /bin/sh;
			shellScript = "diff \"${PODS_PODFILE_DIR_PATH}/Podfile.lock\" \"${PODS_ROOT}/Manifest.lock\" > /dev/null\nif [ $? != 0 ] ; then\n    # print error to STDERR\n    echo \"error: The sandbox is not in sync with the Podfile.lock. Run 'pod install' or update your CocoaPods installation.\" >&2\n    exit 1\nfi\n# This output is used by Xcode 'outputs' to avoid re-running this script phase.\necho \"SUCCESS\" > \"${SCRIPT_OUTPUT_FILE_0}\"\n";
			showEnvVarsInLog = 0;
		};
		6B2F8A767E6B2C6B14DE4360 /* [CP] Check Pods Manifest.lock */ = {
			isa = PBXShellScriptBuildPhase;
			buildActionMask = 2147483647;
			files = (
			);
			inputFileListPaths = (
			);
			inputPaths = (
				"${PODS_PODFILE_DIR_PATH}/Podfile.lock",
				"${PODS_ROOT}/Manifest.lock",
			);
			name = "[CP] Check Pods Manifest.lock";
			outputFileListPaths = (
			);
			outputPaths = (
				"$(DERIVED_FILE_DIR)/Pods-ecommerce-iosTests-checkManifestLockResult.txt",
			);
			runOnlyForDeploymentPostprocessing = 0;
			shellPath = /bin/sh;
			shellScript = "diff \"${PODS_PODFILE_DIR_PATH}/Podfile.lock\" \"${PODS_ROOT}/Manifest.lock\" > /dev/null\nif [ $? != 0 ] ; then\n    # print error to STDERR\n    echo \"error: The sandbox is not in sync with the Podfile.lock. Run 'pod install' or update your CocoaPods installation.\" >&2\n    exit 1\nfi\n# This output is used by Xcode 'outputs' to avoid re-running this script phase.\necho \"SUCCESS\" > \"${SCRIPT_OUTPUT_FILE_0}\"\n";
			showEnvVarsInLog = 0;
		};
		909562352643E55C0028E442 /* R.Swift */ = {
			isa = PBXShellScriptBuildPhase;
			buildActionMask = 2147483647;
			files = (
			);
			inputFileListPaths = (
			);
			inputPaths = (
				"$TEMP_DIR/rswift-lastrun",
			);
			name = R.Swift;
			outputFileListPaths = (
			);
			outputPaths = (
				"$SRCROOT/ecommerce-ios/Application/Resources/R.swift/R.generated.swift",
			);
			runOnlyForDeploymentPostprocessing = 0;
			shellPath = /bin/sh;
			shellScript = "\"$PODS_ROOT/R.swift/rswift\" generate \"$SRCROOT/ecommerce-ios/Application/Resources/R.swift/R.generated.swift\"\n";
		};
		90F6BDD12643A3A400419FE2 /* Swiftlint script */ = {
			isa = PBXShellScriptBuildPhase;
			buildActionMask = 2147483647;
			files = (
			);
			inputFileListPaths = (
			);
			inputPaths = (
			);
			name = "Swiftlint script";
			outputFileListPaths = (
			);
			outputPaths = (
			);
			runOnlyForDeploymentPostprocessing = 0;
			shellPath = /bin/sh;
			shellScript = "if which swiftlint >/dev/null; then\n  swiftlint --fix\nelse\n  echo \"warning: SwiftLint not installed, download from https://github.com/realm/SwiftLint\"\nfi\n";
		};
/* End PBXShellScriptBuildPhase section */

/* Begin PBXSourcesBuildPhase section */
		09A702ED265254B500B8BDE6 /* Sources */ = {
			isa = PBXSourcesBuildPhase;
			buildActionMask = 2147483647;
			files = (
				09A702F8265254B500B8BDE6 /* EcommerceiOSWidget.swift in Sources */,
				09A702FD265254BD00B8BDE6 /* EcommerceiOSWidget.intentdefinition in Sources */,
			);
			runOnlyForDeploymentPostprocessing = 0;
		};
		90F6BD922642B13500419FE2 /* Sources */ = {
			isa = PBXSourcesBuildPhase;
			buildActionMask = 2147483647;
			files = (
				90D09626264938DE00717D05 /* TabbarView.swift in Sources */,
				90D0962926493A5100717D05 /* HomeScreen.swift in Sources */,
				90D0963426493AE100717D05 /* ProfileScreen.swift in Sources */,
				09A702FE265254BD00B8BDE6 /* EcommerceiOSWidget.intentdefinition in Sources */,
				909562B12643F3150028E442 /* View+Hidden.swift in Sources */,
				90F6BD9C2642B13500419FE2 /* ContentView.swift in Sources */,
				90D0962E26493AA400717D05 /* SearchScreen.swift in Sources */,
				909562A82643ED040028E442 /* R.typealiases.swift in Sources */,
				9024843D264D2527008ECEE5 /* Constants.swift in Sources */,
				90D0963126493AC500717D05 /* MyCartScreen.swift in Sources */,
				90F6BD9A2642B13500419FE2 /* EcommerceApp.swift in Sources */,
				9024843A264D2320008ECEE5 /* View+TabbarItem.swift in Sources */,
				90248438264D16D0008ECEE5 /* View+NavigationBar.swift in Sources */,
				90D09636264A1DAC00717D05 /* Color+Application.swift in Sources */,
				909562A32643EC950028E442 /* R.generated.swift in Sources */,
			);
			runOnlyForDeploymentPostprocessing = 0;
		};
		90F6BDA32642B13900419FE2 /* Sources */ = {
			isa = PBXSourcesBuildPhase;
			buildActionMask = 2147483647;
			files = (
				90F6BDAC2642B13900419FE2 /* EcommerceTests.swift in Sources */,
			);
			runOnlyForDeploymentPostprocessing = 0;
		};
		90F6BDAE2642B13900419FE2 /* Sources */ = {
			isa = PBXSourcesBuildPhase;
			buildActionMask = 2147483647;
			files = (
				90F6BDB72642B13900419FE2 /* EcommerceUITests.swift in Sources */,
			);
			runOnlyForDeploymentPostprocessing = 0;
		};
/* End PBXSourcesBuildPhase section */

/* Begin PBXTargetDependency section */
		09A70300265254BD00B8BDE6 /* PBXTargetDependency */ = {
			isa = PBXTargetDependency;
			target = 09A702F0265254B500B8BDE6 /* ecommerce-iosWidgetExtension */;
			targetProxy = 09A702FF265254BD00B8BDE6 /* PBXContainerItemProxy */;
		};
		90F6BDA92642B13900419FE2 /* PBXTargetDependency */ = {
			isa = PBXTargetDependency;
			target = 90F6BD952642B13500419FE2 /* ecommerce-ios */;
			targetProxy = 90F6BDA82642B13900419FE2 /* PBXContainerItemProxy */;
		};
		90F6BDB42642B13900419FE2 /* PBXTargetDependency */ = {
			isa = PBXTargetDependency;
			target = 90F6BD952642B13500419FE2 /* ecommerce-ios */;
			targetProxy = 90F6BDB32642B13900419FE2 /* PBXContainerItemProxy */;
		};
/* End PBXTargetDependency section */

/* Begin XCBuildConfiguration section */
		09A70303265254BD00B8BDE6 /* Debug */ = {
			isa = XCBuildConfiguration;
			buildSettings = {
				ASSETCATALOG_COMPILER_GLOBAL_ACCENT_COLOR_NAME = AccentColor;
				ASSETCATALOG_COMPILER_WIDGET_BACKGROUND_COLOR_NAME = WidgetBackground;
				CODE_SIGN_STYLE = Automatic;
				INFOPLIST_FILE = "ecommerce-iosWidget/Info.plist";
				IPHONEOS_DEPLOYMENT_TARGET = 14.5;
				LD_RUNPATH_SEARCH_PATHS = (
					"$(inherited)",
					"@executable_path/Frameworks",
					"@executable_path/../../Frameworks",
				);
				PRODUCT_BUNDLE_IDENTIFIER = "com.nimblehq.ecommerce-ios.ecommerce-iosWidget";
				PRODUCT_NAME = "$(TARGET_NAME)";
				SKIP_INSTALL = YES;
				SWIFT_VERSION = 5.0;
				TARGETED_DEVICE_FAMILY = "1,2";
			};
			name = Debug;
		};
		09A70304265254BD00B8BDE6 /* Release */ = {
			isa = XCBuildConfiguration;
			buildSettings = {
				ASSETCATALOG_COMPILER_GLOBAL_ACCENT_COLOR_NAME = AccentColor;
				ASSETCATALOG_COMPILER_WIDGET_BACKGROUND_COLOR_NAME = WidgetBackground;
				CODE_SIGN_STYLE = Automatic;
				INFOPLIST_FILE = "ecommerce-iosWidget/Info.plist";
				IPHONEOS_DEPLOYMENT_TARGET = 14.5;
				LD_RUNPATH_SEARCH_PATHS = (
					"$(inherited)",
					"@executable_path/Frameworks",
					"@executable_path/../../Frameworks",
				);
				PRODUCT_BUNDLE_IDENTIFIER = "com.nimblehq.ecommerce-ios.ecommerce-iosWidget";
				PRODUCT_NAME = "$(TARGET_NAME)";
				SKIP_INSTALL = YES;
				SWIFT_VERSION = 5.0;
				TARGETED_DEVICE_FAMILY = "1,2";
			};
			name = Release;
		};
		90F6BDB92642B13900419FE2 /* Debug */ = {
			isa = XCBuildConfiguration;
			buildSettings = {
				ALWAYS_SEARCH_USER_PATHS = NO;
				CLANG_ANALYZER_NONNULL = YES;
				CLANG_ANALYZER_NUMBER_OBJECT_CONVERSION = YES_AGGRESSIVE;
				CLANG_CXX_LANGUAGE_STANDARD = "gnu++14";
				CLANG_CXX_LIBRARY = "libc++";
				CLANG_ENABLE_MODULES = YES;
				CLANG_ENABLE_OBJC_ARC = YES;
				CLANG_ENABLE_OBJC_WEAK = YES;
				CLANG_WARN_BLOCK_CAPTURE_AUTORELEASING = YES;
				CLANG_WARN_BOOL_CONVERSION = YES;
				CLANG_WARN_COMMA = YES;
				CLANG_WARN_CONSTANT_CONVERSION = YES;
				CLANG_WARN_DEPRECATED_OBJC_IMPLEMENTATIONS = YES;
				CLANG_WARN_DIRECT_OBJC_ISA_USAGE = YES_ERROR;
				CLANG_WARN_DOCUMENTATION_COMMENTS = YES;
				CLANG_WARN_EMPTY_BODY = YES;
				CLANG_WARN_ENUM_CONVERSION = YES;
				CLANG_WARN_INFINITE_RECURSION = YES;
				CLANG_WARN_INT_CONVERSION = YES;
				CLANG_WARN_NON_LITERAL_NULL_CONVERSION = YES;
				CLANG_WARN_OBJC_IMPLICIT_RETAIN_SELF = YES;
				CLANG_WARN_OBJC_LITERAL_CONVERSION = YES;
				CLANG_WARN_OBJC_ROOT_CLASS = YES_ERROR;
				CLANG_WARN_QUOTED_INCLUDE_IN_FRAMEWORK_HEADER = YES;
				CLANG_WARN_RANGE_LOOP_ANALYSIS = YES;
				CLANG_WARN_STRICT_PROTOTYPES = YES;
				CLANG_WARN_SUSPICIOUS_MOVE = YES;
				CLANG_WARN_UNGUARDED_AVAILABILITY = YES_AGGRESSIVE;
				CLANG_WARN_UNREACHABLE_CODE = YES;
				CLANG_WARN__DUPLICATE_METHOD_MATCH = YES;
				COPY_PHASE_STRIP = NO;
				DEBUG_INFORMATION_FORMAT = dwarf;
				ENABLE_STRICT_OBJC_MSGSEND = YES;
				ENABLE_TESTABILITY = YES;
				GCC_C_LANGUAGE_STANDARD = gnu11;
				GCC_DYNAMIC_NO_PIC = NO;
				GCC_NO_COMMON_BLOCKS = YES;
				GCC_OPTIMIZATION_LEVEL = 0;
				GCC_PREPROCESSOR_DEFINITIONS = (
					"DEBUG=1",
					"$(inherited)",
				);
				GCC_WARN_64_TO_32_BIT_CONVERSION = YES;
				GCC_WARN_ABOUT_RETURN_TYPE = YES_ERROR;
				GCC_WARN_UNDECLARED_SELECTOR = YES;
				GCC_WARN_UNINITIALIZED_AUTOS = YES_AGGRESSIVE;
				GCC_WARN_UNUSED_FUNCTION = YES;
				GCC_WARN_UNUSED_VARIABLE = YES;
				IPHONEOS_DEPLOYMENT_TARGET = 14.4;
				MTL_ENABLE_DEBUG_INFO = INCLUDE_SOURCE;
				MTL_FAST_MATH = YES;
				ONLY_ACTIVE_ARCH = YES;
				SDKROOT = iphoneos;
				SWIFT_ACTIVE_COMPILATION_CONDITIONS = DEBUG;
				SWIFT_OPTIMIZATION_LEVEL = "-Onone";
			};
			name = Debug;
		};
		90F6BDBA2642B13900419FE2 /* Release */ = {
			isa = XCBuildConfiguration;
			buildSettings = {
				ALWAYS_SEARCH_USER_PATHS = NO;
				CLANG_ANALYZER_NONNULL = YES;
				CLANG_ANALYZER_NUMBER_OBJECT_CONVERSION = YES_AGGRESSIVE;
				CLANG_CXX_LANGUAGE_STANDARD = "gnu++14";
				CLANG_CXX_LIBRARY = "libc++";
				CLANG_ENABLE_MODULES = YES;
				CLANG_ENABLE_OBJC_ARC = YES;
				CLANG_ENABLE_OBJC_WEAK = YES;
				CLANG_WARN_BLOCK_CAPTURE_AUTORELEASING = YES;
				CLANG_WARN_BOOL_CONVERSION = YES;
				CLANG_WARN_COMMA = YES;
				CLANG_WARN_CONSTANT_CONVERSION = YES;
				CLANG_WARN_DEPRECATED_OBJC_IMPLEMENTATIONS = YES;
				CLANG_WARN_DIRECT_OBJC_ISA_USAGE = YES_ERROR;
				CLANG_WARN_DOCUMENTATION_COMMENTS = YES;
				CLANG_WARN_EMPTY_BODY = YES;
				CLANG_WARN_ENUM_CONVERSION = YES;
				CLANG_WARN_INFINITE_RECURSION = YES;
				CLANG_WARN_INT_CONVERSION = YES;
				CLANG_WARN_NON_LITERAL_NULL_CONVERSION = YES;
				CLANG_WARN_OBJC_IMPLICIT_RETAIN_SELF = YES;
				CLANG_WARN_OBJC_LITERAL_CONVERSION = YES;
				CLANG_WARN_OBJC_ROOT_CLASS = YES_ERROR;
				CLANG_WARN_QUOTED_INCLUDE_IN_FRAMEWORK_HEADER = YES;
				CLANG_WARN_RANGE_LOOP_ANALYSIS = YES;
				CLANG_WARN_STRICT_PROTOTYPES = YES;
				CLANG_WARN_SUSPICIOUS_MOVE = YES;
				CLANG_WARN_UNGUARDED_AVAILABILITY = YES_AGGRESSIVE;
				CLANG_WARN_UNREACHABLE_CODE = YES;
				CLANG_WARN__DUPLICATE_METHOD_MATCH = YES;
				COPY_PHASE_STRIP = NO;
				DEBUG_INFORMATION_FORMAT = "dwarf-with-dsym";
				ENABLE_NS_ASSERTIONS = NO;
				ENABLE_STRICT_OBJC_MSGSEND = YES;
				GCC_C_LANGUAGE_STANDARD = gnu11;
				GCC_NO_COMMON_BLOCKS = YES;
				GCC_WARN_64_TO_32_BIT_CONVERSION = YES;
				GCC_WARN_ABOUT_RETURN_TYPE = YES_ERROR;
				GCC_WARN_UNDECLARED_SELECTOR = YES;
				GCC_WARN_UNINITIALIZED_AUTOS = YES_AGGRESSIVE;
				GCC_WARN_UNUSED_FUNCTION = YES;
				GCC_WARN_UNUSED_VARIABLE = YES;
				IPHONEOS_DEPLOYMENT_TARGET = 14.4;
				MTL_ENABLE_DEBUG_INFO = NO;
				MTL_FAST_MATH = YES;
				SDKROOT = iphoneos;
				SWIFT_COMPILATION_MODE = wholemodule;
				SWIFT_OPTIMIZATION_LEVEL = "-O";
				VALIDATE_PRODUCT = YES;
			};
			name = Release;
		};
		90F6BDBC2642B13900419FE2 /* Debug */ = {
			isa = XCBuildConfiguration;
			baseConfigurationReference = 0578CFAAA271B29A3AEF6C65 /* Pods-ecommerce-ios.debug.xcconfig */;
			buildSettings = {
				ALWAYS_EMBED_SWIFT_STANDARD_LIBRARIES = YES;
				ASSETCATALOG_COMPILER_APPICON_NAME = AppIcon;
				ASSETCATALOG_COMPILER_GLOBAL_ACCENT_COLOR_NAME = AccentColor;
				CODE_SIGN_STYLE = Automatic;
				DEVELOPMENT_ASSET_PATHS = "\"ecommerce-ios/Preview Content\"";
				ENABLE_PREVIEWS = YES;
				INFOPLIST_FILE = "ecommerce-ios/Application/Info.plist";
				IPHONEOS_DEPLOYMENT_TARGET = 14.0;
				LD_RUNPATH_SEARCH_PATHS = (
					"$(inherited)",
					"@executable_path/Frameworks",
				);
				PRODUCT_BUNDLE_IDENTIFIER = "com.nimblehq.ecommerce-ios";
				PRODUCT_NAME = "$(TARGET_NAME)";
				SWIFT_VERSION = 5.0;
				TARGETED_DEVICE_FAMILY = "1,2";
			};
			name = Debug;
		};
		90F6BDBD2642B13900419FE2 /* Release */ = {
			isa = XCBuildConfiguration;
			baseConfigurationReference = 281BE23A4441B9EDB3717DCA /* Pods-ecommerce-ios.release.xcconfig */;
			buildSettings = {
				ALWAYS_EMBED_SWIFT_STANDARD_LIBRARIES = YES;
				ASSETCATALOG_COMPILER_APPICON_NAME = AppIcon;
				ASSETCATALOG_COMPILER_GLOBAL_ACCENT_COLOR_NAME = AccentColor;
				CODE_SIGN_STYLE = Automatic;
				DEVELOPMENT_ASSET_PATHS = "\"ecommerce-ios/Preview Content\"";
				ENABLE_PREVIEWS = YES;
				INFOPLIST_FILE = "ecommerce-ios/Application/Info.plist";
				IPHONEOS_DEPLOYMENT_TARGET = 14.0;
				LD_RUNPATH_SEARCH_PATHS = (
					"$(inherited)",
					"@executable_path/Frameworks",
				);
				PRODUCT_BUNDLE_IDENTIFIER = "com.nimblehq.ecommerce-ios";
				PRODUCT_NAME = "$(TARGET_NAME)";
				SWIFT_VERSION = 5.0;
				TARGETED_DEVICE_FAMILY = "1,2";
			};
			name = Release;
		};
		90F6BDBF2642B13900419FE2 /* Debug */ = {
			isa = XCBuildConfiguration;
			baseConfigurationReference = 5E6F06D5536065202D17B037 /* Pods-ecommerce-iosTests.debug.xcconfig */;
			buildSettings = {
				ALWAYS_EMBED_SWIFT_STANDARD_LIBRARIES = YES;
				BUNDLE_LOADER = "$(TEST_HOST)";
				CODE_SIGN_STYLE = Automatic;
				INFOPLIST_FILE = "ecommerce-iosTests/Info.plist";
				IPHONEOS_DEPLOYMENT_TARGET = 14.0;
				LD_RUNPATH_SEARCH_PATHS = (
					"$(inherited)",
					"@executable_path/Frameworks",
					"@loader_path/Frameworks",
				);
				PRODUCT_BUNDLE_IDENTIFIER = "com.nimblehq.ecommerce-iosTests";
				PRODUCT_NAME = "$(TARGET_NAME)";
				SWIFT_VERSION = 5.0;
				TARGETED_DEVICE_FAMILY = "1,2";
				TEST_HOST = "$(BUILT_PRODUCTS_DIR)/ecommerce-ios.app/ecommerce-ios";
			};
			name = Debug;
		};
		90F6BDC02642B13900419FE2 /* Release */ = {
			isa = XCBuildConfiguration;
			baseConfigurationReference = D0C631FC9E2BCAE349FA70F4 /* Pods-ecommerce-iosTests.release.xcconfig */;
			buildSettings = {
				ALWAYS_EMBED_SWIFT_STANDARD_LIBRARIES = YES;
				BUNDLE_LOADER = "$(TEST_HOST)";
				CODE_SIGN_STYLE = Automatic;
				INFOPLIST_FILE = "ecommerce-iosTests/Info.plist";
				IPHONEOS_DEPLOYMENT_TARGET = 14.0;
				LD_RUNPATH_SEARCH_PATHS = (
					"$(inherited)",
					"@executable_path/Frameworks",
					"@loader_path/Frameworks",
				);
				PRODUCT_BUNDLE_IDENTIFIER = "com.nimblehq.ecommerce-iosTests";
				PRODUCT_NAME = "$(TARGET_NAME)";
				SWIFT_VERSION = 5.0;
				TARGETED_DEVICE_FAMILY = "1,2";
				TEST_HOST = "$(BUILT_PRODUCTS_DIR)/ecommerce-ios.app/ecommerce-ios";
			};
			name = Release;
		};
		90F6BDC22642B13900419FE2 /* Debug */ = {
			isa = XCBuildConfiguration;
			baseConfigurationReference = 527EEA037DD196936C693420 /* Pods-ecommerce-ios-ecommerce-iosUITests.debug.xcconfig */;
			buildSettings = {
				ALWAYS_EMBED_SWIFT_STANDARD_LIBRARIES = YES;
				CODE_SIGN_STYLE = Automatic;
				INFOPLIST_FILE = "ecommerce-iosUITests/Info.plist";
				LD_RUNPATH_SEARCH_PATHS = (
					"$(inherited)",
					"@executable_path/Frameworks",
					"@loader_path/Frameworks",
				);
				PRODUCT_BUNDLE_IDENTIFIER = "com.nimblehq.ecommerce-iosUITests";
				PRODUCT_NAME = "$(TARGET_NAME)";
				SWIFT_VERSION = 5.0;
				TARGETED_DEVICE_FAMILY = "1,2";
				TEST_TARGET_NAME = "ecommerce-ios";
			};
			name = Debug;
		};
		90F6BDC32642B13900419FE2 /* Release */ = {
			isa = XCBuildConfiguration;
			baseConfigurationReference = C298D7318BFBB3E927D3A342 /* Pods-ecommerce-ios-ecommerce-iosUITests.release.xcconfig */;
			buildSettings = {
				ALWAYS_EMBED_SWIFT_STANDARD_LIBRARIES = YES;
				CODE_SIGN_STYLE = Automatic;
				INFOPLIST_FILE = "ecommerce-iosUITests/Info.plist";
				LD_RUNPATH_SEARCH_PATHS = (
					"$(inherited)",
					"@executable_path/Frameworks",
					"@loader_path/Frameworks",
				);
				PRODUCT_BUNDLE_IDENTIFIER = "com.nimblehq.ecommerce-iosUITests";
				PRODUCT_NAME = "$(TARGET_NAME)";
				SWIFT_VERSION = 5.0;
				TARGETED_DEVICE_FAMILY = "1,2";
				TEST_TARGET_NAME = "ecommerce-ios";
			};
			name = Release;
		};
/* End XCBuildConfiguration section */

/* Begin XCConfigurationList section */
		09A70305265254BD00B8BDE6 /* Build configuration list for PBXNativeTarget "ecommerce-iosWidgetExtension" */ = {
			isa = XCConfigurationList;
			buildConfigurations = (
				09A70303265254BD00B8BDE6 /* Debug */,
				09A70304265254BD00B8BDE6 /* Release */,
			);
			defaultConfigurationIsVisible = 0;
			defaultConfigurationName = Release;
		};
		90F6BD912642B13500419FE2 /* Build configuration list for PBXProject "ecommerce-ios" */ = {
			isa = XCConfigurationList;
			buildConfigurations = (
				90F6BDB92642B13900419FE2 /* Debug */,
				90F6BDBA2642B13900419FE2 /* Release */,
			);
			defaultConfigurationIsVisible = 0;
			defaultConfigurationName = Release;
		};
		90F6BDBB2642B13900419FE2 /* Build configuration list for PBXNativeTarget "ecommerce-ios" */ = {
			isa = XCConfigurationList;
			buildConfigurations = (
				90F6BDBC2642B13900419FE2 /* Debug */,
				90F6BDBD2642B13900419FE2 /* Release */,
			);
			defaultConfigurationIsVisible = 0;
			defaultConfigurationName = Release;
		};
		90F6BDBE2642B13900419FE2 /* Build configuration list for PBXNativeTarget "ecommerce-iosTests" */ = {
			isa = XCConfigurationList;
			buildConfigurations = (
				90F6BDBF2642B13900419FE2 /* Debug */,
				90F6BDC02642B13900419FE2 /* Release */,
			);
			defaultConfigurationIsVisible = 0;
			defaultConfigurationName = Release;
		};
		90F6BDC12642B13900419FE2 /* Build configuration list for PBXNativeTarget "ecommerce-iosUITests" */ = {
			isa = XCConfigurationList;
			buildConfigurations = (
				90F6BDC22642B13900419FE2 /* Debug */,
				90F6BDC32642B13900419FE2 /* Release */,
			);
			defaultConfigurationIsVisible = 0;
			defaultConfigurationName = Release;
		};
/* End XCConfigurationList section */
	};
	rootObject = 90F6BD8E2642B13500419FE2 /* Project object */;
}
